// !$*UTF8*$!
{
	archiveVersion = 1;
	classes = {
	};
	objectVersion = 55;
	objects = {

/* Begin PBXBuildFile section */
		EE1D8B07282A650200846858 /* GCDReadWrite.m in Sources */ = {isa = PBXBuildFile; fileRef = EE1D8B06282A650200846858 /* GCDReadWrite.m */; };
		EEBD8ED6280FFEC6005ADD3B /* AppDelegate.m in Sources */ = {isa = PBXBuildFile; fileRef = EEBD8ED5280FFEC6005ADD3B /* AppDelegate.m */; };
		EEBD8ED9280FFEC6005ADD3B /* SceneDelegate.m in Sources */ = {isa = PBXBuildFile; fileRef = EEBD8ED8280FFEC6005ADD3B /* SceneDelegate.m */; };
		EEBD8EDC280FFEC6005ADD3B /* ViewController.m in Sources */ = {isa = PBXBuildFile; fileRef = EEBD8EDB280FFEC6005ADD3B /* ViewController.m */; };
		EEBD8EDF280FFEC6005ADD3B /* Main.storyboard in Resources */ = {isa = PBXBuildFile; fileRef = EEBD8EDD280FFEC6005ADD3B /* Main.storyboard */; };
		EEBD8EE1280FFEC7005ADD3B /* Assets.xcassets in Resources */ = {isa = PBXBuildFile; fileRef = EEBD8EE0280FFEC7005ADD3B /* Assets.xcassets */; };
		EEBD8EE4280FFEC7005ADD3B /* LaunchScreen.storyboard in Resources */ = {isa = PBXBuildFile; fileRef = EEBD8EE2280FFEC7005ADD3B /* LaunchScreen.storyboard */; };
		EEBD8EE7280FFEC7005ADD3B /* main.m in Sources */ = {isa = PBXBuildFile; fileRef = EEBD8EE6280FFEC7005ADD3B /* main.m */; };
		EEBD8EF028114CBA005ADD3B /* BaseBusiness.m in Sources */ = {isa = PBXBuildFile; fileRef = EEBD8EEF28114CBA005ADD3B /* BaseBusiness.m */; };
		EEBD8EF628114E1B005ADD3B /* OSSpinLockBusniess.m in Sources */ = {isa = PBXBuildFile; fileRef = EEBD8EF528114E1B005ADD3B /* OSSpinLockBusniess.m */; };
		EEBD8EF9281159E5005ADD3B /* OSUnfairLockBusiness.m in Sources */ = {isa = PBXBuildFile; fileRef = EEBD8EF8281159E5005ADD3B /* OSUnfairLockBusiness.m */; };
		EEBD8EFF2811611A005ADD3B /* PthreadmutexLockBusiness.m in Sources */ = {isa = PBXBuildFile; fileRef = EEBD8EFE2811611A005ADD3B /* PthreadmutexLockBusiness.m */; };
		EEBD8F02281241E6005ADD3B /* PthreadmutexLock2Busniess.m in Sources */ = {isa = PBXBuildFile; fileRef = EEBD8F01281241E6005ADD3B /* PthreadmutexLock2Busniess.m */; };
		EEBD8F0528125437005ADD3B /* PthreadmutexLock3Business.m in Sources */ = {isa = PBXBuildFile; fileRef = EEBD8F0428125437005ADD3B /* PthreadmutexLock3Business.m */; };
		EEBD8F0828125A95005ADD3B /* NSLockBusiness.m in Sources */ = {isa = PBXBuildFile; fileRef = EEBD8F0728125A95005ADD3B /* NSLockBusiness.m */; };
		EEBD8F0B281284CA005ADD3B /* NSConditionBusiness.m in Sources */ = {isa = PBXBuildFile; fileRef = EEBD8F0A281284CA005ADD3B /* NSConditionBusiness.m */; };
		EEBD8F0E28129777005ADD3B /* NSConditionLockBusiniess.m in Sources */ = {isa = PBXBuildFile; fileRef = EEBD8F0D28129777005ADD3B /* NSConditionLockBusiniess.m */; };
		EEBD8F1128129AB3005ADD3B /* GCDSerialQueueBusiness.m in Sources */ = {isa = PBXBuildFile; fileRef = EEBD8F1028129AB3005ADD3B /* GCDSerialQueueBusiness.m */; };
		EEBD8F1428129BBD005ADD3B /* DispatchSemaphoreBusiness.m in Sources */ = {isa = PBXBuildFile; fileRef = EEBD8F1328129BBD005ADD3B /* DispatchSemaphoreBusiness.m */; };
		EEBD8F172812A106005ADD3B /* SynchronizedBusiness.m in Sources */ = {isa = PBXBuildFile; fileRef = EEBD8F162812A106005ADD3B /* SynchronizedBusiness.m */; };
/* End PBXBuildFile section */

/* Begin PBXFileReference section */
		EE1D8B05282A650200846858 /* GCDReadWrite.h */ = {isa = PBXFileReference; lastKnownFileType = sourcecode.c.h; path = GCDReadWrite.h; sourceTree = "<group>"; };
		EE1D8B06282A650200846858 /* GCDReadWrite.m */ = {isa = PBXFileReference; lastKnownFileType = sourcecode.c.objc; path = GCDReadWrite.m; sourceTree = "<group>"; };
		EEBD8ED1280FFEC6005ADD3B /* 08-Interview-GCD.app */ = {isa = PBXFileReference; explicitFileType = wrapper.application; includeInIndex = 0; path = "08-Interview-GCD.app"; sourceTree = BUILT_PRODUCTS_DIR; };
		EEBD8ED4280FFEC6005ADD3B /* AppDelegate.h */ = {isa = PBXFileReference; lastKnownFileType = sourcecode.c.h; path = AppDelegate.h; sourceTree = "<group>"; };
		EEBD8ED5280FFEC6005ADD3B /* AppDelegate.m */ = {isa = PBXFileReference; lastKnownFileType = sourcecode.c.objc; path = AppDelegate.m; sourceTree = "<group>"; };
		EEBD8ED7280FFEC6005ADD3B /* SceneDelegate.h */ = {isa = PBXFileReference; lastKnownFileType = sourcecode.c.h; path = SceneDelegate.h; sourceTree = "<group>"; };
		EEBD8ED8280FFEC6005ADD3B /* SceneDelegate.m */ = {isa = PBXFileReference; lastKnownFileType = sourcecode.c.objc; path = SceneDelegate.m; sourceTree = "<group>"; };
		EEBD8EDA280FFEC6005ADD3B /* ViewController.h */ = {isa = PBXFileReference; lastKnownFileType = sourcecode.c.h; path = ViewController.h; sourceTree = "<group>"; };
		EEBD8EDB280FFEC6005ADD3B /* ViewController.m */ = {isa = PBXFileReference; lastKnownFileType = sourcecode.c.objc; path = ViewController.m; sourceTree = "<group>"; };
		EEBD8EDE280FFEC6005ADD3B /* Base */ = {isa = PBXFileReference; lastKnownFileType = file.storyboard; name = Base; path = Base.lproj/Main.storyboard; sourceTree = "<group>"; };
		EEBD8EE0280FFEC7005ADD3B /* Assets.xcassets */ = {isa = PBXFileReference; lastKnownFileType = folder.assetcatalog; path = Assets.xcassets; sourceTree = "<group>"; };
		EEBD8EE3280FFEC7005ADD3B /* Base */ = {isa = PBXFileReference; lastKnownFileType = file.storyboard; name = Base; path = Base.lproj/LaunchScreen.storyboard; sourceTree = "<group>"; };
		EEBD8EE5280FFEC7005ADD3B /* Info.plist */ = {isa = PBXFileReference; lastKnownFileType = text.plist.xml; path = Info.plist; sourceTree = "<group>"; };
		EEBD8EE6280FFEC7005ADD3B /* main.m */ = {isa = PBXFileReference; lastKnownFileType = sourcecode.c.objc; path = main.m; sourceTree = "<group>"; };
		EEBD8EED280FFF16005ADD3B /* GCD.md */ = {isa = PBXFileReference; lastKnownFileType = net.daringfireball.markdown; path = GCD.md; sourceTree = "<group>"; };
		EEBD8EEE28114CBA005ADD3B /* BaseBusiness.h */ = {isa = PBXFileReference; lastKnownFileType = sourcecode.c.h; path = BaseBusiness.h; sourceTree = "<group>"; };
		EEBD8EEF28114CBA005ADD3B /* BaseBusiness.m */ = {isa = PBXFileReference; lastKnownFileType = sourcecode.c.objc; path = BaseBusiness.m; sourceTree = "<group>"; };
		EEBD8EF428114E1B005ADD3B /* OSSpinLockBusniess.h */ = {isa = PBXFileReference; lastKnownFileType = sourcecode.c.h; path = OSSpinLockBusniess.h; sourceTree = "<group>"; };
		EEBD8EF528114E1B005ADD3B /* OSSpinLockBusniess.m */ = {isa = PBXFileReference; lastKnownFileType = sourcecode.c.objc; path = OSSpinLockBusniess.m; sourceTree = "<group>"; };
		EEBD8EF7281159E5005ADD3B /* OSUnfairLockBusiness.h */ = {isa = PBXFileReference; lastKnownFileType = sourcecode.c.h; path = OSUnfairLockBusiness.h; sourceTree = "<group>"; };
		EEBD8EF8281159E5005ADD3B /* OSUnfairLockBusiness.m */ = {isa = PBXFileReference; lastKnownFileType = sourcecode.c.objc; path = OSUnfairLockBusiness.m; sourceTree = "<group>"; };
		EEBD8EFD2811611A005ADD3B /* PthreadmutexLockBusiness.h */ = {isa = PBXFileReference; lastKnownFileType = sourcecode.c.h; path = PthreadmutexLockBusiness.h; sourceTree = "<group>"; };
		EEBD8EFE2811611A005ADD3B /* PthreadmutexLockBusiness.m */ = {isa = PBXFileReference; lastKnownFileType = sourcecode.c.objc; path = PthreadmutexLockBusiness.m; sourceTree = "<group>"; };
		EEBD8F00281241E6005ADD3B /* PthreadmutexLock2Busniess.h */ = {isa = PBXFileReference; lastKnownFileType = sourcecode.c.h; path = PthreadmutexLock2Busniess.h; sourceTree = "<group>"; };
		EEBD8F01281241E6005ADD3B /* PthreadmutexLock2Busniess.m */ = {isa = PBXFileReference; lastKnownFileType = sourcecode.c.objc; path = PthreadmutexLock2Busniess.m; sourceTree = "<group>"; };
		EEBD8F0328125437005ADD3B /* PthreadmutexLock3Business.h */ = {isa = PBXFileReference; lastKnownFileType = sourcecode.c.h; path = PthreadmutexLock3Business.h; sourceTree = "<group>"; };
		EEBD8F0428125437005ADD3B /* PthreadmutexLock3Business.m */ = {isa = PBXFileReference; lastKnownFileType = sourcecode.c.objc; path = PthreadmutexLock3Business.m; sourceTree = "<group>"; };
		EEBD8F0628125A95005ADD3B /* NSLockBusiness.h */ = {isa = PBXFileReference; lastKnownFileType = sourcecode.c.h; path = NSLockBusiness.h; sourceTree = "<group>"; };
		EEBD8F0728125A95005ADD3B /* NSLockBusiness.m */ = {isa = PBXFileReference; lastKnownFileType = sourcecode.c.objc; path = NSLockBusiness.m; sourceTree = "<group>"; };
		EEBD8F09281284CA005ADD3B /* NSConditionBusiness.h */ = {isa = PBXFileReference; lastKnownFileType = sourcecode.c.h; path = NSConditionBusiness.h; sourceTree = "<group>"; };
		EEBD8F0A281284CA005ADD3B /* NSConditionBusiness.m */ = {isa = PBXFileReference; lastKnownFileType = sourcecode.c.objc; path = NSConditionBusiness.m; sourceTree = "<group>"; };
		EEBD8F0C28129777005ADD3B /* NSConditionLockBusiniess.h */ = {isa = PBXFileReference; lastKnownFileType = sourcecode.c.h; path = NSConditionLockBusiniess.h; sourceTree = "<group>"; };
		EEBD8F0D28129777005ADD3B /* NSConditionLockBusiniess.m */ = {isa = PBXFileReference; lastKnownFileType = sourcecode.c.objc; path = NSConditionLockBusiniess.m; sourceTree = "<group>"; };
		EEBD8F0F28129AB3005ADD3B /* GCDSerialQueueBusiness.h */ = {isa = PBXFileReference; lastKnownFileType = sourcecode.c.h; path = GCDSerialQueueBusiness.h; sourceTree = "<group>"; };
		EEBD8F1028129AB3005ADD3B /* GCDSerialQueueBusiness.m */ = {isa = PBXFileReference; lastKnownFileType = sourcecode.c.objc; path = GCDSerialQueueBusiness.m; sourceTree = "<group>"; };
		EEBD8F1228129BBD005ADD3B /* DispatchSemaphoreBusiness.h */ = {isa = PBXFileReference; lastKnownFileType = sourcecode.c.h; path = DispatchSemaphoreBusiness.h; sourceTree = "<group>"; };
		EEBD8F1328129BBD005ADD3B /* DispatchSemaphoreBusiness.m */ = {isa = PBXFileReference; lastKnownFileType = sourcecode.c.objc; path = DispatchSemaphoreBusiness.m; sourceTree = "<group>"; };
		EEBD8F152812A106005ADD3B /* SynchronizedBusiness.h */ = {isa = PBXFileReference; lastKnownFileType = sourcecode.c.h; path = SynchronizedBusiness.h; sourceTree = "<group>"; };
		EEBD8F162812A106005ADD3B /* SynchronizedBusiness.m */ = {isa = PBXFileReference; lastKnownFileType = sourcecode.c.objc; path = SynchronizedBusiness.m; sourceTree = "<group>"; };
/* End PBXFileReference section */

/* Begin PBXFrameworksBuildPhase section */
		EEBD8ECE280FFEC6005ADD3B /* Frameworks */ = {
			isa = PBXFrameworksBuildPhase;
			buildActionMask = 2147483647;
			files = (
			);
			runOnlyForDeploymentPostprocessing = 0;
		};
/* End PBXFrameworksBuildPhase section */

/* Begin PBXGroup section */
		EEBD8EC8280FFEC6005ADD3B = {
			isa = PBXGroup;
			children = (
				EEBD8ED3280FFEC6005ADD3B /* 08-Interview-GCD */,
				EEBD8ED2280FFEC6005ADD3B /* Products */,
			);
			sourceTree = "<group>";
		};
		EEBD8ED2280FFEC6005ADD3B /* Products */ = {
			isa = PBXGroup;
			children = (
				EEBD8ED1280FFEC6005ADD3B /* 08-Interview-GCD.app */,
			);
			name = Products;
			sourceTree = "<group>";
		};
		EEBD8ED3280FFEC6005ADD3B /* 08-Interview-GCD */ = {
			isa = PBXGroup;
			children = (
				EEBD8EED280FFF16005ADD3B /* GCD.md */,
				EEBD8ED4280FFEC6005ADD3B /* AppDelegate.h */,
				EEBD8ED5280FFEC6005ADD3B /* AppDelegate.m */,
				EEBD8ED7280FFEC6005ADD3B /* SceneDelegate.h */,
				EEBD8ED8280FFEC6005ADD3B /* SceneDelegate.m */,
				EEBD8EDA280FFEC6005ADD3B /* ViewController.h */,
				EEBD8EDB280FFEC6005ADD3B /* ViewController.m */,
				EEBD8EEE28114CBA005ADD3B /* BaseBusiness.h */,
				EEBD8EEF28114CBA005ADD3B /* BaseBusiness.m */,
				EEBD8EF428114E1B005ADD3B /* OSSpinLockBusniess.h */,
				EEBD8EF528114E1B005ADD3B /* OSSpinLockBusniess.m */,
				EEBD8EF7281159E5005ADD3B /* OSUnfairLockBusiness.h */,
				EEBD8EF8281159E5005ADD3B /* OSUnfairLockBusiness.m */,
				EEBD8EFD2811611A005ADD3B /* PthreadmutexLockBusiness.h */,
				EEBD8EFE2811611A005ADD3B /* PthreadmutexLockBusiness.m */,
				EEBD8F00281241E6005ADD3B /* PthreadmutexLock2Busniess.h */,
				EEBD8F01281241E6005ADD3B /* PthreadmutexLock2Busniess.m */,
				EEBD8F0328125437005ADD3B /* PthreadmutexLock3Business.h */,
				EEBD8F0428125437005ADD3B /* PthreadmutexLock3Business.m */,
				EEBD8F0628125A95005ADD3B /* NSLockBusiness.h */,
				EEBD8F0728125A95005ADD3B /* NSLockBusiness.m */,
				EEBD8F09281284CA005ADD3B /* NSConditionBusiness.h */,
				EEBD8F0A281284CA005ADD3B /* NSConditionBusiness.m */,
				EEBD8F0C28129777005ADD3B /* NSConditionLockBusiniess.h */,
				EEBD8F0D28129777005ADD3B /* NSConditionLockBusiniess.m */,
				EEBD8F0F28129AB3005ADD3B /* GCDSerialQueueBusiness.h */,
				EEBD8F1028129AB3005ADD3B /* GCDSerialQueueBusiness.m */,
				EEBD8F1228129BBD005ADD3B /* DispatchSemaphoreBusiness.h */,
				EEBD8F1328129BBD005ADD3B /* DispatchSemaphoreBusiness.m */,
				EEBD8F152812A106005ADD3B /* SynchronizedBusiness.h */,
				EEBD8F162812A106005ADD3B /* SynchronizedBusiness.m */,
				EE1D8B05282A650200846858 /* GCDReadWrite.h */,
				EE1D8B06282A650200846858 /* GCDReadWrite.m */,
				EEBD8EDD280FFEC6005ADD3B /* Main.storyboard */,
				EEBD8EE0280FFEC7005ADD3B /* Assets.xcassets */,
				EEBD8EE2280FFEC7005ADD3B /* LaunchScreen.storyboard */,
				EEBD8EE5280FFEC7005ADD3B /* Info.plist */,
				EEBD8EE6280FFEC7005ADD3B /* main.m */,
			);
			path = "08-Interview-GCD";
			sourceTree = "<group>";
		};
/* End PBXGroup section */

/* Begin PBXNativeTarget section */
		EEBD8ED0280FFEC6005ADD3B /* 08-Interview-GCD */ = {
			isa = PBXNativeTarget;
			buildConfigurationList = EEBD8EEA280FFEC7005ADD3B /* Build configuration list for PBXNativeTarget "08-Interview-GCD" */;
			buildPhases = (
				EEBD8ECD280FFEC6005ADD3B /* Sources */,
				EEBD8ECE280FFEC6005ADD3B /* Frameworks */,
				EEBD8ECF280FFEC6005ADD3B /* Resources */,
			);
			buildRules = (
			);
			dependencies = (
			);
			name = "08-Interview-GCD";
			productName = "08-Interview-GCD";
			productReference = EEBD8ED1280FFEC6005ADD3B /* 08-Interview-GCD.app */;
			productType = "com.apple.product-type.application";
		};
/* End PBXNativeTarget section */

/* Begin PBXProject section */
		EEBD8EC9280FFEC6005ADD3B /* Project object */ = {
			isa = PBXProject;
			attributes = {
				BuildIndependentTargetsInParallel = 1;
				LastUpgradeCheck = 1330;
				TargetAttributes = {
					EEBD8ED0280FFEC6005ADD3B = {
						CreatedOnToolsVersion = 13.3.1;
					};
				};
			};
			buildConfigurationList = EEBD8ECC280FFEC6005ADD3B /* Build configuration list for PBXProject "08-Interview-GCD" */;
			compatibilityVersion = "Xcode 13.0";
			developmentRegion = en;
			hasScannedForEncodings = 0;
			knownRegions = (
				en,
				Base,
			);
			mainGroup = EEBD8EC8280FFEC6005ADD3B;
			productRefGroup = EEBD8ED2280FFEC6005ADD3B /* Products */;
			projectDirPath = "";
			projectRoot = "";
			targets = (
				EEBD8ED0280FFEC6005ADD3B /* 08-Interview-GCD */,
			);
		};
/* End PBXProject section */

/* Begin PBXResourcesBuildPhase section */
		EEBD8ECF280FFEC6005ADD3B /* Resources */ = {
			isa = PBXResourcesBuildPhase;
			buildActionMask = 2147483647;
			files = (
				EEBD8EE4280FFEC7005ADD3B /* LaunchScreen.storyboard in Resources */,
				EEBD8EE1280FFEC7005ADD3B /* Assets.xcassets in Resources */,
				EEBD8EDF280FFEC6005ADD3B /* Main.storyboard in Resources */,
			);
			runOnlyForDeploymentPostprocessing = 0;
		};
/* End PBXResourcesBuildPhase section */

/* Begin PBXSourcesBuildPhase section */
		EEBD8ECD280FFEC6005ADD3B /* Sources */ = {
			isa = PBXSourcesBuildPhase;
			buildActionMask = 2147483647;
			files = (
				EEBD8F0E28129777005ADD3B /* NSConditionLockBusiniess.m in Sources */,
				EEBD8EF9281159E5005ADD3B /* OSUnfairLockBusiness.m in Sources */,
				EEBD8EDC280FFEC6005ADD3B /* ViewController.m in Sources */,
				EEBD8F0B281284CA005ADD3B /* NSConditionBusiness.m in Sources */,
				EE1D8B07282A650200846858 /* GCDReadWrite.m in Sources */,
				EEBD8F0828125A95005ADD3B /* NSLockBusiness.m in Sources */,
				EEBD8F02281241E6005ADD3B /* PthreadmutexLock2Busniess.m in Sources */,
				EEBD8ED6280FFEC6005ADD3B /* AppDelegate.m in Sources */,
				EEBD8EE7280FFEC7005ADD3B /* main.m in Sources */,
				EEBD8EF028114CBA005ADD3B /* BaseBusiness.m in Sources */,
				EEBD8EFF2811611A005ADD3B /* PthreadmutexLockBusiness.m in Sources */,
				EEBD8F1128129AB3005ADD3B /* GCDSerialQueueBusiness.m in Sources */,
				EEBD8EF628114E1B005ADD3B /* OSSpinLockBusniess.m in Sources */,
				EEBD8F1428129BBD005ADD3B /* DispatchSemaphoreBusiness.m in Sources */,
				EEBD8F172812A106005ADD3B /* SynchronizedBusiness.m in Sources */,
				EEBD8ED9280FFEC6005ADD3B /* SceneDelegate.m in Sources */,
				EEBD8F0528125437005ADD3B /* PthreadmutexLock3Business.m in Sources */,
			);
			runOnlyForDeploymentPostprocessing = 0;
		};
/* End PBXSourcesBuildPhase section */

/* Begin PBXVariantGroup section */
		EEBD8EDD280FFEC6005ADD3B /* Main.storyboard */ = {
			isa = PBXVariantGroup;
			children = (
				EEBD8EDE280FFEC6005ADD3B /* Base */,
			);
			name = Main.storyboard;
			sourceTree = "<group>";
		};
		EEBD8EE2280FFEC7005ADD3B /* LaunchScreen.storyboard */ = {
			isa = PBXVariantGroup;
			children = (
				EEBD8EE3280FFEC7005ADD3B /* Base */,
			);
			name = LaunchScreen.storyboard;
			sourceTree = "<group>";
		};
/* End PBXVariantGroup section */

/* Begin XCBuildConfiguration section */
		EEBD8EE8280FFEC7005ADD3B /* Debug */ = {
			isa = XCBuildConfiguration;
			buildSettings = {
				ALWAYS_SEARCH_USER_PATHS = NO;
				CLANG_ANALYZER_NONNULL = YES;
				CLANG_ANALYZER_NUMBER_OBJECT_CONVERSION = YES_AGGRESSIVE;
				CLANG_CXX_LANGUAGE_STANDARD = "gnu++17";
				CLANG_ENABLE_MODULES = YES;
				CLANG_ENABLE_OBJC_ARC = YES;
				CLANG_ENABLE_OBJC_WEAK = YES;
				CLANG_WARN_BLOCK_CAPTURE_AUTORELEASING = YES;
				CLANG_WARN_BOOL_CONVERSION = YES;
				CLANG_WARN_COMMA = YES;
				CLANG_WARN_CONSTANT_CONVERSION = YES;
				CLANG_WARN_DEPRECATED_OBJC_IMPLEMENTATIONS = YES;
				CLANG_WARN_DIRECT_OBJC_ISA_USAGE = YES_ERROR;
				CLANG_WARN_DOCUMENTATION_COMMENTS = YES;
				CLANG_WARN_EMPTY_BODY = YES;
				CLANG_WARN_ENUM_CONVERSION = YES;
				CLANG_WARN_INFINITE_RECURSION = YES;
				CLANG_WARN_INT_CONVERSION = YES;
				CLANG_WARN_NON_LITERAL_NULL_CONVERSION = YES;
				CLANG_WARN_OBJC_IMPLICIT_RETAIN_SELF = YES;
				CLANG_WARN_OBJC_LITERAL_CONVERSION = YES;
				CLANG_WARN_OBJC_ROOT_CLASS = YES_ERROR;
				CLANG_WARN_QUOTED_INCLUDE_IN_FRAMEWORK_HEADER = YES;
				CLANG_WARN_RANGE_LOOP_ANALYSIS = YES;
				CLANG_WARN_STRICT_PROTOTYPES = YES;
				CLANG_WARN_SUSPICIOUS_MOVE = YES;
				CLANG_WARN_UNGUARDED_AVAILABILITY = YES_AGGRESSIVE;
				CLANG_WARN_UNREACHABLE_CODE = YES;
				CLANG_WARN__DUPLICATE_METHOD_MATCH = YES;
				COPY_PHASE_STRIP = NO;
				DEBUG_INFORMATION_FORMAT = dwarf;
				ENABLE_STRICT_OBJC_MSGSEND = YES;
				ENABLE_TESTABILITY = YES;
				GCC_C_LANGUAGE_STANDARD = gnu11;
				GCC_DYNAMIC_NO_PIC = NO;
				GCC_NO_COMMON_BLOCKS = YES;
				GCC_OPTIMIZATION_LEVEL = 0;
				GCC_PREPROCESSOR_DEFINITIONS = (
					"DEBUG=1",
					"$(inherited)",
				);
				GCC_WARN_64_TO_32_BIT_CONVERSION = YES;
				GCC_WARN_ABOUT_RETURN_TYPE = YES_ERROR;
				GCC_WARN_UNDECLARED_SELECTOR = YES;
				GCC_WARN_UNINITIALIZED_AUTOS = YES_AGGRESSIVE;
				GCC_WARN_UNUSED_FUNCTION = YES;
				GCC_WARN_UNUSED_VARIABLE = YES;
				IPHONEOS_DEPLOYMENT_TARGET = 15.4;
				MTL_ENABLE_DEBUG_INFO = INCLUDE_SOURCE;
				MTL_FAST_MATH = YES;
				ONLY_ACTIVE_ARCH = YES;
				SDKROOT = iphoneos;
			};
			name = Debug;
		};
		EEBD8EE9280FFEC7005ADD3B /* Release */ = {
			isa = XCBuildConfiguration;
			buildSettings = {
				ALWAYS_SEARCH_USER_PATHS = NO;
				CLANG_ANALYZER_NONNULL = YES;
				CLANG_ANALYZER_NUMBER_OBJECT_CONVERSION = YES_AGGRESSIVE;
				CLANG_CXX_LANGUAGE_STANDARD = "gnu++17";
				CLANG_ENABLE_MODULES = YES;
				CLANG_ENABLE_OBJC_ARC = YES;
				CLANG_ENABLE_OBJC_WEAK = YES;
				CLANG_WARN_BLOCK_CAPTURE_AUTORELEASING = YES;
				CLANG_WARN_BOOL_CONVERSION = YES;
				CLANG_WARN_COMMA = YES;
				CLANG_WARN_CONSTANT_CONVERSION = YES;
				CLANG_WARN_DEPRECATED_OBJC_IMPLEMENTATIONS = YES;
				CLANG_WARN_DIRECT_OBJC_ISA_USAGE = YES_ERROR;
				CLANG_WARN_DOCUMENTATION_COMMENTS = YES;
				CLANG_WARN_EMPTY_BODY = YES;
				CLANG_WARN_ENUM_CONVERSION = YES;
				CLANG_WARN_INFINITE_RECURSION = YES;
				CLANG_WARN_INT_CONVERSION = YES;
				CLANG_WARN_NON_LITERAL_NULL_CONVERSION = YES;
				CLANG_WARN_OBJC_IMPLICIT_RETAIN_SELF = YES;
				CLANG_WARN_OBJC_LITERAL_CONVERSION = YES;
				CLANG_WARN_OBJC_ROOT_CLASS = YES_ERROR;
				CLANG_WARN_QUOTED_INCLUDE_IN_FRAMEWORK_HEADER = YES;
				CLANG_WARN_RANGE_LOOP_ANALYSIS = YES;
				CLANG_WARN_STRICT_PROTOTYPES = YES;
				CLANG_WARN_SUSPICIOUS_MOVE = YES;
				CLANG_WARN_UNGUARDED_AVAILABILITY = YES_AGGRESSIVE;
				CLANG_WARN_UNREACHABLE_CODE = YES;
				CLANG_WARN__DUPLICATE_METHOD_MATCH = YES;
				COPY_PHASE_STRIP = NO;
				DEBUG_INFORMATION_FORMAT = "dwarf-with-dsym";
				ENABLE_NS_ASSERTIONS = NO;
				ENABLE_STRICT_OBJC_MSGSEND = YES;
				GCC_C_LANGUAGE_STANDARD = gnu11;
				GCC_NO_COMMON_BLOCKS = YES;
				GCC_WARN_64_TO_32_BIT_CONVERSION = YES;
				GCC_WARN_ABOUT_RETURN_TYPE = YES_ERROR;
				GCC_WARN_UNDECLARED_SELECTOR = YES;
				GCC_WARN_UNINITIALIZED_AUTOS = YES_AGGRESSIVE;
				GCC_WARN_UNUSED_FUNCTION = YES;
				GCC_WARN_UNUSED_VARIABLE = YES;
				IPHONEOS_DEPLOYMENT_TARGET = 15.4;
				MTL_ENABLE_DEBUG_INFO = NO;
				MTL_FAST_MATH = YES;
				SDKROOT = iphoneos;
				VALIDATE_PRODUCT = YES;
			};
			name = Release;
		};
		EEBD8EEB280FFEC7005ADD3B /* Debug */ = {
			isa = XCBuildConfiguration;
			buildSettings = {
				ASSETCATALOG_COMPILER_APPICON_NAME = AppIcon;
				ASSETCATALOG_COMPILER_GLOBAL_ACCENT_COLOR_NAME = AccentColor;
				CODE_SIGN_STYLE = Automatic;
				CURRENT_PROJECT_VERSION = 1;
				GENERATE_INFOPLIST_FILE = YES;
				INFOPLIST_FILE = "08-Interview-GCD/Info.plist";
				INFOPLIST_KEY_UIApplicationSupportsIndirectInputEvents = YES;
				INFOPLIST_KEY_UILaunchStoryboardName = LaunchScreen;
				INFOPLIST_KEY_UIMainStoryboardFile = Main;
				INFOPLIST_KEY_UISupportedInterfaceOrientations_iPad = "UIInterfaceOrientationPortrait UIInterfaceOrientationPortraitUpsideDown UIInterfaceOrientationLandscapeLeft UIInterfaceOrientationLandscapeRight";
				INFOPLIST_KEY_UISupportedInterfaceOrientations_iPhone = "UIInterfaceOrientationPortrait UIInterfaceOrientationLandscapeLeft UIInterfaceOrientationLandscapeRight";
				LD_RUNPATH_SEARCH_PATHS = (
					"$(inherited)",
					"@executable_path/Frameworks",
				);
				MARKETING_VERSION = 1.0;
				PRODUCT_BUNDLE_IDENTIFIER = "demo.-8-Interview-GCD";
				PRODUCT_NAME = "$(TARGET_NAME)";
				SWIFT_EMIT_LOC_STRINGS = YES;
				TARGETED_DEVICE_FAMILY = "1,2";
			};
			name = Debug;
		};
		EEBD8EEC280FFEC7005ADD3B /* Release */ = {
			isa = XCBuildConfiguration;
			buildSettings = {
				ASSETCATALOG_COMPILER_APPICON_NAME = AppIcon;
				ASSETCATALOG_COMPILER_GLOBAL_ACCENT_COLOR_NAME = AccentColor;
				CODE_SIGN_STYLE = Automatic;
				CURRENT_PROJECT_VERSION = 1;
				GENERATE_INFOPLIST_FILE = YES;
				INFOPLIST_FILE = "08-Interview-GCD/Info.plist";
				INFOPLIST_KEY_UIApplicationSupportsIndirectInputEvents = YES;
				INFOPLIST_KEY_UILaunchStoryboardName = LaunchScreen;
				INFOPLIST_KEY_UIMainStoryboardFile = Main;
				INFOPLIST_KEY_UISupportedInterfaceOrientations_iPad = "UIInterfaceOrientationPortrait UIInterfaceOrientationPortraitUpsideDown UIInterfaceOrientationLandscapeLeft UIInterfaceOrientationLandscapeRight";
				INFOPLIST_KEY_UISupportedInterfaceOrientations_iPhone = "UIInterfaceOrientationPortrait UIInterfaceOrientationLandscapeLeft UIInterfaceOrientationLandscapeRight";
				LD_RUNPATH_SEARCH_PATHS = (
					"$(inherited)",
					"@executable_path/Frameworks",
				);
				MARKETING_VERSION = 1.0;
				PRODUCT_BUNDLE_IDENTIFIER = "demo.-8-Interview-GCD";
				PRODUCT_NAME = "$(TARGET_NAME)";
				SWIFT_EMIT_LOC_STRINGS = YES;
				TARGETED_DEVICE_FAMILY = "1,2";
			};
			name = Release;
		};
/* End XCBuildConfiguration section */

/* Begin XCConfigurationList section */
		EEBD8ECC280FFEC6005ADD3B /* Build configuration list for PBXProject "08-Interview-GCD" */ = {
			isa = XCConfigurationList;
			buildConfigurations = (
				EEBD8EE8280FFEC7005ADD3B /* Debug */,
				EEBD8EE9280FFEC7005ADD3B /* Release */,
			);
			defaultConfigurationIsVisible = 0;
			defaultConfigurationName = Release;
		};
		EEBD8EEA280FFEC7005ADD3B /* Build configuration list for PBXNativeTarget "08-Interview-GCD" */ = {
			isa = XCConfigurationList;
			buildConfigurations = (
				EEBD8EEB280FFEC7005ADD3B /* Debug */,
				EEBD8EEC280FFEC7005ADD3B /* Release */,
			);
			defaultConfigurationIsVisible = 0;
			defaultConfigurationName = Release;
		};
/* End XCConfigurationList section */
	};
	rootObject = EEBD8EC9280FFEC6005ADD3B /* Project object */;
}
