// !$*UTF8*$!
{
	archiveVersion = 1;
	classes = {
	};
	objectVersion = 55;
	objects = {

/* Begin PBXBuildFile section */
		EEF2C2AD27F7351200DF7682 /* AppDelegate.m in Sources */ = {isa = PBXBuildFile; fileRef = EEF2C2AC27F7351200DF7682 /* AppDelegate.m */; };
		EEF2C2B027F7351200DF7682 /* SceneDelegate.m in Sources */ = {isa = PBXBuildFile; fileRef = EEF2C2AF27F7351200DF7682 /* SceneDelegate.m */; };
		EEF2C2B327F7351200DF7682 /* ViewController.m in Sources */ = {isa = PBXBuildFile; fileRef = EEF2C2B227F7351200DF7682 /* ViewController.m */; };
		EEF2C2B627F7351200DF7682 /* Main.storyboard in Resources */ = {isa = PBXBuildFile; fileRef = EEF2C2B427F7351200DF7682 /* Main.storyboard */; };
		EEF2C2B827F7351300DF7682 /* Assets.xcassets in Resources */ = {isa = PBXBuildFile; fileRef = EEF2C2B727F7351300DF7682 /* Assets.xcassets */; };
		EEF2C2BB27F7351300DF7682 /* LaunchScreen.storyboard in Resources */ = {isa = PBXBuildFile; fileRef = EEF2C2B927F7351300DF7682 /* LaunchScreen.storyboard */; };
		EEF2C2BE27F7351300DF7682 /* main.m in Sources */ = {isa = PBXBuildFile; fileRef = EEF2C2BD27F7351300DF7682 /* main.m */; };
		EEF2C2C727F7353700DF7682 /* Person.m in Sources */ = {isa = PBXBuildFile; fileRef = EEF2C2C627F7353700DF7682 /* Person.m */; };
		EEF2C2CA27F735B900DF7682 /* Person+Test.m in Sources */ = {isa = PBXBuildFile; fileRef = EEF2C2C927F735B900DF7682 /* Person+Test.m */; };
/* End PBXBuildFile section */

/* Begin PBXFileReference section */
		EEF2C2A827F7351200DF7682 /* 04-Interview-02-Association.app */ = {isa = PBXFileReference; explicitFileType = wrapper.application; includeInIndex = 0; path = "04-Interview-02-Association.app"; sourceTree = BUILT_PRODUCTS_DIR; };
		EEF2C2AB27F7351200DF7682 /* AppDelegate.h */ = {isa = PBXFileReference; lastKnownFileType = sourcecode.c.h; path = AppDelegate.h; sourceTree = "<group>"; };
		EEF2C2AC27F7351200DF7682 /* AppDelegate.m */ = {isa = PBXFileReference; lastKnownFileType = sourcecode.c.objc; path = AppDelegate.m; sourceTree = "<group>"; };
		EEF2C2AE27F7351200DF7682 /* SceneDelegate.h */ = {isa = PBXFileReference; lastKnownFileType = sourcecode.c.h; path = SceneDelegate.h; sourceTree = "<group>"; };
		EEF2C2AF27F7351200DF7682 /* SceneDelegate.m */ = {isa = PBXFileReference; lastKnownFileType = sourcecode.c.objc; path = SceneDelegate.m; sourceTree = "<group>"; };
		EEF2C2B127F7351200DF7682 /* ViewController.h */ = {isa = PBXFileReference; lastKnownFileType = sourcecode.c.h; path = ViewController.h; sourceTree = "<group>"; };
		EEF2C2B227F7351200DF7682 /* ViewController.m */ = {isa = PBXFileReference; lastKnownFileType = sourcecode.c.objc; path = ViewController.m; sourceTree = "<group>"; };
		EEF2C2B527F7351200DF7682 /* Base */ = {isa = PBXFileReference; lastKnownFileType = file.storyboard; name = Base; path = Base.lproj/Main.storyboard; sourceTree = "<group>"; };
		EEF2C2B727F7351300DF7682 /* Assets.xcassets */ = {isa = PBXFileReference; lastKnownFileType = folder.assetcatalog; path = Assets.xcassets; sourceTree = "<group>"; };
		EEF2C2BA27F7351300DF7682 /* Base */ = {isa = PBXFileReference; lastKnownFileType = file.storyboard; name = Base; path = Base.lproj/LaunchScreen.storyboard; sourceTree = "<group>"; };
		EEF2C2BC27F7351300DF7682 /* Info.plist */ = {isa = PBXFileReference; lastKnownFileType = text.plist.xml; path = Info.plist; sourceTree = "<group>"; };
		EEF2C2BD27F7351300DF7682 /* main.m */ = {isa = PBXFileReference; lastKnownFileType = sourcecode.c.objc; path = main.m; sourceTree = "<group>"; };
		EEF2C2C427F7352900DF7682 /* Association.md */ = {isa = PBXFileReference; lastKnownFileType = net.daringfireball.markdown; path = Association.md; sourceTree = "<group>"; };
		EEF2C2C527F7353700DF7682 /* Person.h */ = {isa = PBXFileReference; lastKnownFileType = sourcecode.c.h; path = Person.h; sourceTree = "<group>"; };
		EEF2C2C627F7353700DF7682 /* Person.m */ = {isa = PBXFileReference; lastKnownFileType = sourcecode.c.objc; path = Person.m; sourceTree = "<group>"; };
		EEF2C2C827F735B900DF7682 /* Person+Test.h */ = {isa = PBXFileReference; lastKnownFileType = sourcecode.c.h; path = "Person+Test.h"; sourceTree = "<group>"; };
		EEF2C2C927F735B900DF7682 /* Person+Test.m */ = {isa = PBXFileReference; lastKnownFileType = sourcecode.c.objc; path = "Person+Test.m"; sourceTree = "<group>"; };
/* End PBXFileReference section */

/* Begin PBXFrameworksBuildPhase section */
		EEF2C2A527F7351200DF7682 /* Frameworks */ = {
			isa = PBXFrameworksBuildPhase;
			buildActionMask = 2147483647;
			files = (
			);
			runOnlyForDeploymentPostprocessing = 0;
		};
/* End PBXFrameworksBuildPhase section */

/* Begin PBXGroup section */
		EEF2C29F27F7351200DF7682 = {
			isa = PBXGroup;
			children = (
				EEF2C2AA27F7351200DF7682 /* 04-Interview-02-Association */,
				EEF2C2A927F7351200DF7682 /* Products */,
			);
			sourceTree = "<group>";
		};
		EEF2C2A927F7351200DF7682 /* Products */ = {
			isa = PBXGroup;
			children = (
				EEF2C2A827F7351200DF7682 /* 04-Interview-02-Association.app */,
			);
			name = Products;
			sourceTree = "<group>";
		};
		EEF2C2AA27F7351200DF7682 /* 04-Interview-02-Association */ = {
			isa = PBXGroup;
			children = (
				EEF2C2AB27F7351200DF7682 /* AppDelegate.h */,
				EEF2C2AC27F7351200DF7682 /* AppDelegate.m */,
				EEF2C2AE27F7351200DF7682 /* SceneDelegate.h */,
				EEF2C2AF27F7351200DF7682 /* SceneDelegate.m */,
				EEF2C2B127F7351200DF7682 /* ViewController.h */,
				EEF2C2B227F7351200DF7682 /* ViewController.m */,
				EEF2C2C527F7353700DF7682 /* Person.h */,
				EEF2C2C627F7353700DF7682 /* Person.m */,
				EEF2C2C827F735B900DF7682 /* Person+Test.h */,
				EEF2C2C927F735B900DF7682 /* Person+Test.m */,
				EEF2C2C427F7352900DF7682 /* Association.md */,
				EEF2C2B427F7351200DF7682 /* Main.storyboard */,
				EEF2C2B727F7351300DF7682 /* Assets.xcassets */,
				EEF2C2B927F7351300DF7682 /* LaunchScreen.storyboard */,
				EEF2C2BC27F7351300DF7682 /* Info.plist */,
				EEF2C2BD27F7351300DF7682 /* main.m */,
			);
			path = "04-Interview-02-Association";
			sourceTree = "<group>";
		};
/* End PBXGroup section */

/* Begin PBXNativeTarget section */
		EEF2C2A727F7351200DF7682 /* 04-Interview-02-Association */ = {
			isa = PBXNativeTarget;
			buildConfigurationList = EEF2C2C127F7351300DF7682 /* Build configuration list for PBXNativeTarget "04-Interview-02-Association" */;
			buildPhases = (
				EEF2C2A427F7351200DF7682 /* Sources */,
				EEF2C2A527F7351200DF7682 /* Frameworks */,
				EEF2C2A627F7351200DF7682 /* Resources */,
			);
			buildRules = (
			);
			dependencies = (
			);
			name = "04-Interview-02-Association";
			productName = "04-Interview-02-Association";
			productReference = EEF2C2A827F7351200DF7682 /* 04-Interview-02-Association.app */;
			productType = "com.apple.product-type.application";
		};
/* End PBXNativeTarget section */

/* Begin PBXProject section */
		EEF2C2A027F7351200DF7682 /* Project object */ = {
			isa = PBXProject;
			attributes = {
				BuildIndependentTargetsInParallel = 1;
				LastUpgradeCheck = 1330;
				TargetAttributes = {
					EEF2C2A727F7351200DF7682 = {
						CreatedOnToolsVersion = 13.3;
					};
				};
			};
			buildConfigurationList = EEF2C2A327F7351200DF7682 /* Build configuration list for PBXProject "04-Interview-02-Association" */;
			compatibilityVersion = "Xcode 13.0";
			developmentRegion = en;
			hasScannedForEncodings = 0;
			knownRegions = (
				en,
				Base,
			);
			mainGroup = EEF2C29F27F7351200DF7682;
			productRefGroup = EEF2C2A927F7351200DF7682 /* Products */;
			projectDirPath = "";
			projectRoot = "";
			targets = (
				EEF2C2A727F7351200DF7682 /* 04-Interview-02-Association */,
			);
		};
/* End PBXProject section */

/* Begin PBXResourcesBuildPhase section */
		EEF2C2A627F7351200DF7682 /* Resources */ = {
			isa = PBXResourcesBuildPhase;
			buildActionMask = 2147483647;
			files = (
				EEF2C2BB27F7351300DF7682 /* LaunchScreen.storyboard in Resources */,
				EEF2C2B827F7351300DF7682 /* Assets.xcassets in Resources */,
				EEF2C2B627F7351200DF7682 /* Main.storyboard in Resources */,
			);
			runOnlyForDeploymentPostprocessing = 0;
		};
/* End PBXResourcesBuildPhase section */

/* Begin PBXSourcesBuildPhase section */
		EEF2C2A427F7351200DF7682 /* Sources */ = {
			isa = PBXSourcesBuildPhase;
			buildActionMask = 2147483647;
			files = (
				EEF2C2CA27F735B900DF7682 /* Person+Test.m in Sources */,
				EEF2C2B327F7351200DF7682 /* ViewController.m in Sources */,
				EEF2C2AD27F7351200DF7682 /* AppDelegate.m in Sources */,
				EEF2C2C727F7353700DF7682 /* Person.m in Sources */,
				EEF2C2BE27F7351300DF7682 /* main.m in Sources */,
				EEF2C2B027F7351200DF7682 /* SceneDelegate.m in Sources */,
			);
			runOnlyForDeploymentPostprocessing = 0;
		};
/* End PBXSourcesBuildPhase section */

/* Begin PBXVariantGroup section */
		EEF2C2B427F7351200DF7682 /* Main.storyboard */ = {
			isa = PBXVariantGroup;
			children = (
				EEF2C2B527F7351200DF7682 /* Base */,
			);
			name = Main.storyboard;
			sourceTree = "<group>";
		};
		EEF2C2B927F7351300DF7682 /* LaunchScreen.storyboard */ = {
			isa = PBXVariantGroup;
			children = (
				EEF2C2BA27F7351300DF7682 /* Base */,
			);
			name = LaunchScreen.storyboard;
			sourceTree = "<group>";
		};
/* End PBXVariantGroup section */

/* Begin XCBuildConfiguration section */
		EEF2C2BF27F7351300DF7682 /* Debug */ = {
			isa = XCBuildConfiguration;
			buildSettings = {
				ALWAYS_SEARCH_USER_PATHS = NO;
				CLANG_ANALYZER_NONNULL = YES;
				CLANG_ANALYZER_NUMBER_OBJECT_CONVERSION = YES_AGGRESSIVE;
				CLANG_CXX_LANGUAGE_STANDARD = "gnu++17";
				CLANG_ENABLE_MODULES = YES;
				CLANG_ENABLE_OBJC_ARC = YES;
				CLANG_ENABLE_OBJC_WEAK = YES;
				CLANG_WARN_BLOCK_CAPTURE_AUTORELEASING = YES;
				CLANG_WARN_BOOL_CONVERSION = YES;
				CLANG_WARN_COMMA = YES;
				CLANG_WARN_CONSTANT_CONVERSION = YES;
				CLANG_WARN_DEPRECATED_OBJC_IMPLEMENTATIONS = YES;
				CLANG_WARN_DIRECT_OBJC_ISA_USAGE = YES_ERROR;
				CLANG_WARN_DOCUMENTATION_COMMENTS = YES;
				CLANG_WARN_EMPTY_BODY = YES;
				CLANG_WARN_ENUM_CONVERSION = YES;
				CLANG_WARN_INFINITE_RECURSION = YES;
				CLANG_WARN_INT_CONVERSION = YES;
				CLANG_WARN_NON_LITERAL_NULL_CONVERSION = YES;
				CLANG_WARN_OBJC_IMPLICIT_RETAIN_SELF = YES;
				CLANG_WARN_OBJC_LITERAL_CONVERSION = YES;
				CLANG_WARN_OBJC_ROOT_CLASS = YES_ERROR;
				CLANG_WARN_QUOTED_INCLUDE_IN_FRAMEWORK_HEADER = YES;
				CLANG_WARN_RANGE_LOOP_ANALYSIS = YES;
				CLANG_WARN_STRICT_PROTOTYPES = YES;
				CLANG_WARN_SUSPICIOUS_MOVE = YES;
				CLANG_WARN_UNGUARDED_AVAILABILITY = YES_AGGRESSIVE;
				CLANG_WARN_UNREACHABLE_CODE = YES;
				CLANG_WARN__DUPLICATE_METHOD_MATCH = YES;
				COPY_PHASE_STRIP = NO;
				DEBUG_INFORMATION_FORMAT = dwarf;
				ENABLE_STRICT_OBJC_MSGSEND = YES;
				ENABLE_TESTABILITY = YES;
				GCC_C_LANGUAGE_STANDARD = gnu11;
				GCC_DYNAMIC_NO_PIC = NO;
				GCC_NO_COMMON_BLOCKS = YES;
				GCC_OPTIMIZATION_LEVEL = 0;
				GCC_PREPROCESSOR_DEFINITIONS = (
					"DEBUG=1",
					"$(inherited)",
				);
				GCC_WARN_64_TO_32_BIT_CONVERSION = YES;
				GCC_WARN_ABOUT_RETURN_TYPE = YES_ERROR;
				GCC_WARN_UNDECLARED_SELECTOR = YES;
				GCC_WARN_UNINITIALIZED_AUTOS = YES_AGGRESSIVE;
				GCC_WARN_UNUSED_FUNCTION = YES;
				GCC_WARN_UNUSED_VARIABLE = YES;
				IPHONEOS_DEPLOYMENT_TARGET = 15.4;
				MTL_ENABLE_DEBUG_INFO = INCLUDE_SOURCE;
				MTL_FAST_MATH = YES;
				ONLY_ACTIVE_ARCH = YES;
				SDKROOT = iphoneos;
			};
			name = Debug;
		};
		EEF2C2C027F7351300DF7682 /* Release */ = {
			isa = XCBuildConfiguration;
			buildSettings = {
				ALWAYS_SEARCH_USER_PATHS = NO;
				CLANG_ANALYZER_NONNULL = YES;
				CLANG_ANALYZER_NUMBER_OBJECT_CONVERSION = YES_AGGRESSIVE;
				CLANG_CXX_LANGUAGE_STANDARD = "gnu++17";
				CLANG_ENABLE_MODULES = YES;
				CLANG_ENABLE_OBJC_ARC = YES;
				CLANG_ENABLE_OBJC_WEAK = YES;
				CLANG_WARN_BLOCK_CAPTURE_AUTORELEASING = YES;
				CLANG_WARN_BOOL_CONVERSION = YES;
				CLANG_WARN_COMMA = YES;
				CLANG_WARN_CONSTANT_CONVERSION = YES;
				CLANG_WARN_DEPRECATED_OBJC_IMPLEMENTATIONS = YES;
				CLANG_WARN_DIRECT_OBJC_ISA_USAGE = YES_ERROR;
				CLANG_WARN_DOCUMENTATION_COMMENTS = YES;
				CLANG_WARN_EMPTY_BODY = YES;
				CLANG_WARN_ENUM_CONVERSION = YES;
				CLANG_WARN_INFINITE_RECURSION = YES;
				CLANG_WARN_INT_CONVERSION = YES;
				CLANG_WARN_NON_LITERAL_NULL_CONVERSION = YES;
				CLANG_WARN_OBJC_IMPLICIT_RETAIN_SELF = YES;
				CLANG_WARN_OBJC_LITERAL_CONVERSION = YES;
				CLANG_WARN_OBJC_ROOT_CLASS = YES_ERROR;
				CLANG_WARN_QUOTED_INCLUDE_IN_FRAMEWORK_HEADER = YES;
				CLANG_WARN_RANGE_LOOP_ANALYSIS = YES;
				CLANG_WARN_STRICT_PROTOTYPES = YES;
				CLANG_WARN_SUSPICIOUS_MOVE = YES;
				CLANG_WARN_UNGUARDED_AVAILABILITY = YES_AGGRESSIVE;
				CLANG_WARN_UNREACHABLE_CODE = YES;
				CLANG_WARN__DUPLICATE_METHOD_MATCH = YES;
				COPY_PHASE_STRIP = NO;
				DEBUG_INFORMATION_FORMAT = "dwarf-with-dsym";
				ENABLE_NS_ASSERTIONS = NO;
				ENABLE_STRICT_OBJC_MSGSEND = YES;
				GCC_C_LANGUAGE_STANDARD = gnu11;
				GCC_NO_COMMON_BLOCKS = YES;
				GCC_WARN_64_TO_32_BIT_CONVERSION = YES;
				GCC_WARN_ABOUT_RETURN_TYPE = YES_ERROR;
				GCC_WARN_UNDECLARED_SELECTOR = YES;
				GCC_WARN_UNINITIALIZED_AUTOS = YES_AGGRESSIVE;
				GCC_WARN_UNUSED_FUNCTION = YES;
				GCC_WARN_UNUSED_VARIABLE = YES;
				IPHONEOS_DEPLOYMENT_TARGET = 15.4;
				MTL_ENABLE_DEBUG_INFO = NO;
				MTL_FAST_MATH = YES;
				SDKROOT = iphoneos;
				VALIDATE_PRODUCT = YES;
			};
			name = Release;
		};
		EEF2C2C227F7351300DF7682 /* Debug */ = {
			isa = XCBuildConfiguration;
			buildSettings = {
				ASSETCATALOG_COMPILER_APPICON_NAME = AppIcon;
				ASSETCATALOG_COMPILER_GLOBAL_ACCENT_COLOR_NAME = AccentColor;
				CODE_SIGN_STYLE = Automatic;
				CURRENT_PROJECT_VERSION = 1;
				GENERATE_INFOPLIST_FILE = YES;
				INFOPLIST_FILE = "04-Interview-02-Association/Info.plist";
				INFOPLIST_KEY_UIApplicationSupportsIndirectInputEvents = YES;
				INFOPLIST_KEY_UILaunchStoryboardName = LaunchScreen;
				INFOPLIST_KEY_UIMainStoryboardFile = Main;
				INFOPLIST_KEY_UISupportedInterfaceOrientations_iPad = "UIInterfaceOrientationPortrait UIInterfaceOrientationPortraitUpsideDown UIInterfaceOrientationLandscapeLeft UIInterfaceOrientationLandscapeRight";
				INFOPLIST_KEY_UISupportedInterfaceOrientations_iPhone = "UIInterfaceOrientationPortrait UIInterfaceOrientationLandscapeLeft UIInterfaceOrientationLandscapeRight";
				LD_RUNPATH_SEARCH_PATHS = (
					"$(inherited)",
					"@executable_path/Frameworks",
				);
				MARKETING_VERSION = 1.0;
				PRODUCT_BUNDLE_IDENTIFIER = "demo.-4-Interview-02-Association";
				PRODUCT_NAME = "$(TARGET_NAME)";
				SWIFT_EMIT_LOC_STRINGS = YES;
				TARGETED_DEVICE_FAMILY = "1,2";
			};
			name = Debug;
		};
		EEF2C2C327F7351300DF7682 /* Release */ = {
			isa = XCBuildConfiguration;
			buildSettings = {
				ASSETCATALOG_COMPILER_APPICON_NAME = AppIcon;
				ASSETCATALOG_COMPILER_GLOBAL_ACCENT_COLOR_NAME = AccentColor;
				CODE_SIGN_STYLE = Automatic;
				CURRENT_PROJECT_VERSION = 1;
				GENERATE_INFOPLIST_FILE = YES;
				INFOPLIST_FILE = "04-Interview-02-Association/Info.plist";
				INFOPLIST_KEY_UIApplicationSupportsIndirectInputEvents = YES;
				INFOPLIST_KEY_UILaunchStoryboardName = LaunchScreen;
				INFOPLIST_KEY_UIMainStoryboardFile = Main;
				INFOPLIST_KEY_UISupportedInterfaceOrientations_iPad = "UIInterfaceOrientationPortrait UIInterfaceOrientationPortraitUpsideDown UIInterfaceOrientationLandscapeLeft UIInterfaceOrientationLandscapeRight";
				INFOPLIST_KEY_UISupportedInterfaceOrientations_iPhone = "UIInterfaceOrientationPortrait UIInterfaceOrientationLandscapeLeft UIInterfaceOrientationLandscapeRight";
				LD_RUNPATH_SEARCH_PATHS = (
					"$(inherited)",
					"@executable_path/Frameworks",
				);
				MARKETING_VERSION = 1.0;
				PRODUCT_BUNDLE_IDENTIFIER = "demo.-4-Interview-02-Association";
				PRODUCT_NAME = "$(TARGET_NAME)";
				SWIFT_EMIT_LOC_STRINGS = YES;
				TARGETED_DEVICE_FAMILY = "1,2";
			};
			name = Release;
		};
/* End XCBuildConfiguration section */

/* Begin XCConfigurationList section */
		EEF2C2A327F7351200DF7682 /* Build configuration list for PBXProject "04-Interview-02-Association" */ = {
			isa = XCConfigurationList;
			buildConfigurations = (
				EEF2C2BF27F7351300DF7682 /* Debug */,
				EEF2C2C027F7351300DF7682 /* Release */,
			);
			defaultConfigurationIsVisible = 0;
			defaultConfigurationName = Release;
		};
		EEF2C2C127F7351300DF7682 /* Build configuration list for PBXNativeTarget "04-Interview-02-Association" */ = {
			isa = XCConfigurationList;
			buildConfigurations = (
				EEF2C2C227F7351300DF7682 /* Debug */,
				EEF2C2C327F7351300DF7682 /* Release */,
			);
			defaultConfigurationIsVisible = 0;
			defaultConfigurationName = Release;
		};
/* End XCConfigurationList section */
	};
	rootObject = EEF2C2A027F7351200DF7682 /* Project object */;
}
