// !$*UTF8*$!
{
	archiveVersion = 1;
	classes = {
	};
	objectVersion = 55;
	objects = {

/* Begin PBXBuildFile section */
		EE556298283E1EA000DB9C1E /* AppDelegate.m in Sources */ = {isa = PBXBuildFile; fileRef = EE556297283E1EA000DB9C1E /* AppDelegate.m */; };
		EE55629B283E1EA000DB9C1E /* SceneDelegate.m in Sources */ = {isa = PBXBuildFile; fileRef = EE55629A283E1EA000DB9C1E /* SceneDelegate.m */; };
		EE55629E283E1EA000DB9C1E /* ViewController.m in Sources */ = {isa = PBXBuildFile; fileRef = EE55629D283E1EA000DB9C1E /* ViewController.m */; };
		EE5562A1283E1EA000DB9C1E /* Main.storyboard in Resources */ = {isa = PBXBuildFile; fileRef = EE55629F283E1EA000DB9C1E /* Main.storyboard */; };
		EE5562A3283E1EA100DB9C1E /* Assets.xcassets in Resources */ = {isa = PBXBuildFile; fileRef = EE5562A2283E1EA100DB9C1E /* Assets.xcassets */; };
		EE5562A6283E1EA100DB9C1E /* LaunchScreen.storyboard in Resources */ = {isa = PBXBuildFile; fileRef = EE5562A4283E1EA100DB9C1E /* LaunchScreen.storyboard */; };
		EE5562A9283E1EA100DB9C1E /* main.m in Sources */ = {isa = PBXBuildFile; fileRef = EE5562A8283E1EA100DB9C1E /* main.m */; };
/* End PBXBuildFile section */

/* Begin PBXFileReference section */
		EE556293283E1EA000DB9C1E /* UI_Related.app */ = {isa = PBXFileReference; explicitFileType = wrapper.application; includeInIndex = 0; path = UI_Related.app; sourceTree = BUILT_PRODUCTS_DIR; };
		EE556296283E1EA000DB9C1E /* AppDelegate.h */ = {isa = PBXFileReference; lastKnownFileType = sourcecode.c.h; path = AppDelegate.h; sourceTree = "<group>"; };
		EE556297283E1EA000DB9C1E /* AppDelegate.m */ = {isa = PBXFileReference; lastKnownFileType = sourcecode.c.objc; path = AppDelegate.m; sourceTree = "<group>"; };
		EE556299283E1EA000DB9C1E /* SceneDelegate.h */ = {isa = PBXFileReference; lastKnownFileType = sourcecode.c.h; path = SceneDelegate.h; sourceTree = "<group>"; };
		EE55629A283E1EA000DB9C1E /* SceneDelegate.m */ = {isa = PBXFileReference; lastKnownFileType = sourcecode.c.objc; path = SceneDelegate.m; sourceTree = "<group>"; };
		EE55629C283E1EA000DB9C1E /* ViewController.h */ = {isa = PBXFileReference; lastKnownFileType = sourcecode.c.h; path = ViewController.h; sourceTree = "<group>"; };
		EE55629D283E1EA000DB9C1E /* ViewController.m */ = {isa = PBXFileReference; lastKnownFileType = sourcecode.c.objc; path = ViewController.m; sourceTree = "<group>"; };
		EE5562A0283E1EA000DB9C1E /* Base */ = {isa = PBXFileReference; lastKnownFileType = file.storyboard; name = Base; path = Base.lproj/Main.storyboard; sourceTree = "<group>"; };
		EE5562A2283E1EA100DB9C1E /* Assets.xcassets */ = {isa = PBXFileReference; lastKnownFileType = folder.assetcatalog; path = Assets.xcassets; sourceTree = "<group>"; };
		EE5562A5283E1EA100DB9C1E /* Base */ = {isa = PBXFileReference; lastKnownFileType = file.storyboard; name = Base; path = Base.lproj/LaunchScreen.storyboard; sourceTree = "<group>"; };
		EE5562A7283E1EA100DB9C1E /* Info.plist */ = {isa = PBXFileReference; lastKnownFileType = text.plist.xml; path = Info.plist; sourceTree = "<group>"; };
		EE5562A8283E1EA100DB9C1E /* main.m */ = {isa = PBXFileReference; lastKnownFileType = sourcecode.c.objc; path = main.m; sourceTree = "<group>"; };
/* End PBXFileReference section */

/* Begin PBXFrameworksBuildPhase section */
		EE556290283E1EA000DB9C1E /* Frameworks */ = {
			isa = PBXFrameworksBuildPhase;
			buildActionMask = 2147483647;
			files = (
			);
			runOnlyForDeploymentPostprocessing = 0;
		};
/* End PBXFrameworksBuildPhase section */

/* Begin PBXGroup section */
		EE55628A283E1EA000DB9C1E = {
			isa = PBXGroup;
			children = (
				EE556295283E1EA000DB9C1E /* UI_Related */,
				EE556294283E1EA000DB9C1E /* Products */,
			);
			sourceTree = "<group>";
		};
		EE556294283E1EA000DB9C1E /* Products */ = {
			isa = PBXGroup;
			children = (
				EE556293283E1EA000DB9C1E /* UI_Related.app */,
			);
			name = Products;
			sourceTree = "<group>";
		};
		EE556295283E1EA000DB9C1E /* UI_Related */ = {
			isa = PBXGroup;
			children = (
				EE556296283E1EA000DB9C1E /* AppDelegate.h */,
				EE556297283E1EA000DB9C1E /* AppDelegate.m */,
				EE556299283E1EA000DB9C1E /* SceneDelegate.h */,
				EE55629A283E1EA000DB9C1E /* SceneDelegate.m */,
				EE55629C283E1EA000DB9C1E /* ViewController.h */,
				EE55629D283E1EA000DB9C1E /* ViewController.m */,
				EE55629F283E1EA000DB9C1E /* Main.storyboard */,
				EE5562A2283E1EA100DB9C1E /* Assets.xcassets */,
				EE5562A4283E1EA100DB9C1E /* LaunchScreen.storyboard */,
				EE5562A7283E1EA100DB9C1E /* Info.plist */,
				EE5562A8283E1EA100DB9C1E /* main.m */,
			);
			path = UI_Related;
			sourceTree = "<group>";
		};
/* End PBXGroup section */

/* Begin PBXNativeTarget section */
		EE556292283E1EA000DB9C1E /* UI_Related */ = {
			isa = PBXNativeTarget;
			buildConfigurationList = EE5562AC283E1EA100DB9C1E /* Build configuration list for PBXNativeTarget "UI_Related" */;
			buildPhases = (
				EE55628F283E1EA000DB9C1E /* Sources */,
				EE556290283E1EA000DB9C1E /* Frameworks */,
				EE556291283E1EA000DB9C1E /* Resources */,
			);
			buildRules = (
			);
			dependencies = (
			);
			name = UI_Related;
			productName = UI_Related;
			productReference = EE556293283E1EA000DB9C1E /* UI_Related.app */;
			productType = "com.apple.product-type.application";
		};
/* End PBXNativeTarget section */

/* Begin PBXProject section */
		EE55628B283E1EA000DB9C1E /* Project object */ = {
			isa = PBXProject;
			attributes = {
				BuildIndependentTargetsInParallel = 1;
				LastUpgradeCheck = 1340;
				TargetAttributes = {
					EE556292283E1EA000DB9C1E = {
						CreatedOnToolsVersion = 13.4;
					};
				};
			};
			buildConfigurationList = EE55628E283E1EA000DB9C1E /* Build configuration list for PBXProject "UI_Related" */;
			compatibilityVersion = "Xcode 13.0";
			developmentRegion = en;
			hasScannedForEncodings = 0;
			knownRegions = (
				en,
				Base,
			);
			mainGroup = EE55628A283E1EA000DB9C1E;
			productRefGroup = EE556294283E1EA000DB9C1E /* Products */;
			projectDirPath = "";
			projectRoot = "";
			targets = (
				EE556292283E1EA000DB9C1E /* UI_Related */,
			);
		};
/* End PBXProject section */

/* Begin PBXResourcesBuildPhase section */
		EE556291283E1EA000DB9C1E /* Resources */ = {
			isa = PBXResourcesBuildPhase;
			buildActionMask = 2147483647;
			files = (
				EE5562A6283E1EA100DB9C1E /* LaunchScreen.storyboard in Resources */,
				EE5562A3283E1EA100DB9C1E /* Assets.xcassets in Resources */,
				EE5562A1283E1EA000DB9C1E /* Main.storyboard in Resources */,
			);
			runOnlyForDeploymentPostprocessing = 0;
		};
/* End PBXResourcesBuildPhase section */

/* Begin PBXSourcesBuildPhase section */
		EE55628F283E1EA000DB9C1E /* Sources */ = {
			isa = PBXSourcesBuildPhase;
			buildActionMask = 2147483647;
			files = (
				EE55629E283E1EA000DB9C1E /* ViewController.m in Sources */,
				EE556298283E1EA000DB9C1E /* AppDelegate.m in Sources */,
				EE5562A9283E1EA100DB9C1E /* main.m in Sources */,
				EE55629B283E1EA000DB9C1E /* SceneDelegate.m in Sources */,
			);
			runOnlyForDeploymentPostprocessing = 0;
		};
/* End PBXSourcesBuildPhase section */

/* Begin PBXVariantGroup section */
		EE55629F283E1EA000DB9C1E /* Main.storyboard */ = {
			isa = PBXVariantGroup;
			children = (
				EE5562A0283E1EA000DB9C1E /* Base */,
			);
			name = Main.storyboard;
			sourceTree = "<group>";
		};
		EE5562A4283E1EA100DB9C1E /* LaunchScreen.storyboard */ = {
			isa = PBXVariantGroup;
			children = (
				EE5562A5283E1EA100DB9C1E /* Base */,
			);
			name = LaunchScreen.storyboard;
			sourceTree = "<group>";
		};
/* End PBXVariantGroup section */

/* Begin XCBuildConfiguration section */
		EE5562AA283E1EA100DB9C1E /* Debug */ = {
			isa = XCBuildConfiguration;
			buildSettings = {
				ALWAYS_SEARCH_USER_PATHS = NO;
				CLANG_ANALYZER_NONNULL = YES;
				CLANG_ANALYZER_NUMBER_OBJECT_CONVERSION = YES_AGGRESSIVE;
				CLANG_CXX_LANGUAGE_STANDARD = "gnu++17";
				CLANG_ENABLE_MODULES = YES;
				CLANG_ENABLE_OBJC_ARC = YES;
				CLANG_ENABLE_OBJC_WEAK = YES;
				CLANG_WARN_BLOCK_CAPTURE_AUTORELEASING = YES;
				CLANG_WARN_BOOL_CONVERSION = YES;
				CLANG_WARN_COMMA = YES;
				CLANG_WARN_CONSTANT_CONVERSION = YES;
				CLANG_WARN_DEPRECATED_OBJC_IMPLEMENTATIONS = YES;
				CLANG_WARN_DIRECT_OBJC_ISA_USAGE = YES_ERROR;
				CLANG_WARN_DOCUMENTATION_COMMENTS = YES;
				CLANG_WARN_EMPTY_BODY = YES;
				CLANG_WARN_ENUM_CONVERSION = YES;
				CLANG_WARN_INFINITE_RECURSION = YES;
				CLANG_WARN_INT_CONVERSION = YES;
				CLANG_WARN_NON_LITERAL_NULL_CONVERSION = YES;
				CLANG_WARN_OBJC_IMPLICIT_RETAIN_SELF = YES;
				CLANG_WARN_OBJC_LITERAL_CONVERSION = YES;
				CLANG_WARN_OBJC_ROOT_CLASS = YES_ERROR;
				CLANG_WARN_QUOTED_INCLUDE_IN_FRAMEWORK_HEADER = YES;
				CLANG_WARN_RANGE_LOOP_ANALYSIS = YES;
				CLANG_WARN_STRICT_PROTOTYPES = YES;
				CLANG_WARN_SUSPICIOUS_MOVE = YES;
				CLANG_WARN_UNGUARDED_AVAILABILITY = YES_AGGRESSIVE;
				CLANG_WARN_UNREACHABLE_CODE = YES;
				CLANG_WARN__DUPLICATE_METHOD_MATCH = YES;
				COPY_PHASE_STRIP = NO;
				DEBUG_INFORMATION_FORMAT = dwarf;
				ENABLE_STRICT_OBJC_MSGSEND = YES;
				ENABLE_TESTABILITY = YES;
				GCC_C_LANGUAGE_STANDARD = gnu11;
				GCC_DYNAMIC_NO_PIC = NO;
				GCC_NO_COMMON_BLOCKS = YES;
				GCC_OPTIMIZATION_LEVEL = 0;
				GCC_PREPROCESSOR_DEFINITIONS = (
					"DEBUG=1",
					"$(inherited)",
				);
				GCC_WARN_64_TO_32_BIT_CONVERSION = YES;
				GCC_WARN_ABOUT_RETURN_TYPE = YES_ERROR;
				GCC_WARN_UNDECLARED_SELECTOR = YES;
				GCC_WARN_UNINITIALIZED_AUTOS = YES_AGGRESSIVE;
				GCC_WARN_UNUSED_FUNCTION = YES;
				GCC_WARN_UNUSED_VARIABLE = YES;
				IPHONEOS_DEPLOYMENT_TARGET = 15.5;
				MTL_ENABLE_DEBUG_INFO = INCLUDE_SOURCE;
				MTL_FAST_MATH = YES;
				ONLY_ACTIVE_ARCH = YES;
				SDKROOT = iphoneos;
			};
			name = Debug;
		};
		EE5562AB283E1EA100DB9C1E /* Release */ = {
			isa = XCBuildConfiguration;
			buildSettings = {
				ALWAYS_SEARCH_USER_PATHS = NO;
				CLANG_ANALYZER_NONNULL = YES;
				CLANG_ANALYZER_NUMBER_OBJECT_CONVERSION = YES_AGGRESSIVE;
				CLANG_CXX_LANGUAGE_STANDARD = "gnu++17";
				CLANG_ENABLE_MODULES = YES;
				CLANG_ENABLE_OBJC_ARC = YES;
				CLANG_ENABLE_OBJC_WEAK = YES;
				CLANG_WARN_BLOCK_CAPTURE_AUTORELEASING = YES;
				CLANG_WARN_BOOL_CONVERSION = YES;
				CLANG_WARN_COMMA = YES;
				CLANG_WARN_CONSTANT_CONVERSION = YES;
				CLANG_WARN_DEPRECATED_OBJC_IMPLEMENTATIONS = YES;
				CLANG_WARN_DIRECT_OBJC_ISA_USAGE = YES_ERROR;
				CLANG_WARN_DOCUMENTATION_COMMENTS = YES;
				CLANG_WARN_EMPTY_BODY = YES;
				CLANG_WARN_ENUM_CONVERSION = YES;
				CLANG_WARN_INFINITE_RECURSION = YES;
				CLANG_WARN_INT_CONVERSION = YES;
				CLANG_WARN_NON_LITERAL_NULL_CONVERSION = YES;
				CLANG_WARN_OBJC_IMPLICIT_RETAIN_SELF = YES;
				CLANG_WARN_OBJC_LITERAL_CONVERSION = YES;
				CLANG_WARN_OBJC_ROOT_CLASS = YES_ERROR;
				CLANG_WARN_QUOTED_INCLUDE_IN_FRAMEWORK_HEADER = YES;
				CLANG_WARN_RANGE_LOOP_ANALYSIS = YES;
				CLANG_WARN_STRICT_PROTOTYPES = YES;
				CLANG_WARN_SUSPICIOUS_MOVE = YES;
				CLANG_WARN_UNGUARDED_AVAILABILITY = YES_AGGRESSIVE;
				CLANG_WARN_UNREACHABLE_CODE = YES;
				CLANG_WARN__DUPLICATE_METHOD_MATCH = YES;
				COPY_PHASE_STRIP = NO;
				DEBUG_INFORMATION_FORMAT = "dwarf-with-dsym";
				ENABLE_NS_ASSERTIONS = NO;
				ENABLE_STRICT_OBJC_MSGSEND = YES;
				GCC_C_LANGUAGE_STANDARD = gnu11;
				GCC_NO_COMMON_BLOCKS = YES;
				GCC_WARN_64_TO_32_BIT_CONVERSION = YES;
				GCC_WARN_ABOUT_RETURN_TYPE = YES_ERROR;
				GCC_WARN_UNDECLARED_SELECTOR = YES;
				GCC_WARN_UNINITIALIZED_AUTOS = YES_AGGRESSIVE;
				GCC_WARN_UNUSED_FUNCTION = YES;
				GCC_WARN_UNUSED_VARIABLE = YES;
				IPHONEOS_DEPLOYMENT_TARGET = 15.5;
				MTL_ENABLE_DEBUG_INFO = NO;
				MTL_FAST_MATH = YES;
				SDKROOT = iphoneos;
				VALIDATE_PRODUCT = YES;
			};
			name = Release;
		};
		EE5562AD283E1EA100DB9C1E /* Debug */ = {
			isa = XCBuildConfiguration;
			buildSettings = {
				ASSETCATALOG_COMPILER_APPICON_NAME = AppIcon;
				ASSETCATALOG_COMPILER_GLOBAL_ACCENT_COLOR_NAME = AccentColor;
				CODE_SIGN_STYLE = Automatic;
				CURRENT_PROJECT_VERSION = 1;
				GENERATE_INFOPLIST_FILE = YES;
				INFOPLIST_FILE = UI_Related/Info.plist;
				INFOPLIST_KEY_UIApplicationSupportsIndirectInputEvents = YES;
				INFOPLIST_KEY_UILaunchStoryboardName = LaunchScreen;
				INFOPLIST_KEY_UIMainStoryboardFile = Main;
				INFOPLIST_KEY_UISupportedInterfaceOrientations_iPad = "UIInterfaceOrientationPortrait UIInterfaceOrientationPortraitUpsideDown UIInterfaceOrientationLandscapeLeft UIInterfaceOrientationLandscapeRight";
				INFOPLIST_KEY_UISupportedInterfaceOrientations_iPhone = "UIInterfaceOrientationPortrait UIInterfaceOrientationLandscapeLeft UIInterfaceOrientationLandscapeRight";
				LD_RUNPATH_SEARCH_PATHS = (
					"$(inherited)",
					"@executable_path/Frameworks",
				);
				MARKETING_VERSION = 1.0;
				PRODUCT_BUNDLE_IDENTIFIER = "demo.UI-Related";
				PRODUCT_NAME = "$(TARGET_NAME)";
				SWIFT_EMIT_LOC_STRINGS = YES;
				TARGETED_DEVICE_FAMILY = "1,2";
			};
			name = Debug;
		};
		EE5562AE283E1EA100DB9C1E /* Release */ = {
			isa = XCBuildConfiguration;
			buildSettings = {
				ASSETCATALOG_COMPILER_APPICON_NAME = AppIcon;
				ASSETCATALOG_COMPILER_GLOBAL_ACCENT_COLOR_NAME = AccentColor;
				CODE_SIGN_STYLE = Automatic;
				CURRENT_PROJECT_VERSION = 1;
				GENERATE_INFOPLIST_FILE = YES;
				INFOPLIST_FILE = UI_Related/Info.plist;
				INFOPLIST_KEY_UIApplicationSupportsIndirectInputEvents = YES;
				INFOPLIST_KEY_UILaunchStoryboardName = LaunchScreen;
				INFOPLIST_KEY_UIMainStoryboardFile = Main;
				INFOPLIST_KEY_UISupportedInterfaceOrientations_iPad = "UIInterfaceOrientationPortrait UIInterfaceOrientationPortraitUpsideDown UIInterfaceOrientationLandscapeLeft UIInterfaceOrientationLandscapeRight";
				INFOPLIST_KEY_UISupportedInterfaceOrientations_iPhone = "UIInterfaceOrientationPortrait UIInterfaceOrientationLandscapeLeft UIInterfaceOrientationLandscapeRight";
				LD_RUNPATH_SEARCH_PATHS = (
					"$(inherited)",
					"@executable_path/Frameworks",
				);
				MARKETING_VERSION = 1.0;
				PRODUCT_BUNDLE_IDENTIFIER = "demo.UI-Related";
				PRODUCT_NAME = "$(TARGET_NAME)";
				SWIFT_EMIT_LOC_STRINGS = YES;
				TARGETED_DEVICE_FAMILY = "1,2";
			};
			name = Release;
		};
/* End XCBuildConfiguration section */

/* Begin XCConfigurationList section */
		EE55628E283E1EA000DB9C1E /* Build configuration list for PBXProject "UI_Related" */ = {
			isa = XCConfigurationList;
			buildConfigurations = (
				EE5562AA283E1EA100DB9C1E /* Debug */,
				EE5562AB283E1EA100DB9C1E /* Release */,
			);
			defaultConfigurationIsVisible = 0;
			defaultConfigurationName = Release;
		};
		EE5562AC283E1EA100DB9C1E /* Build configuration list for PBXNativeTarget "UI_Related" */ = {
			isa = XCConfigurationList;
			buildConfigurations = (
				EE5562AD283E1EA100DB9C1E /* Debug */,
				EE5562AE283E1EA100DB9C1E /* Release */,
			);
			defaultConfigurationIsVisible = 0;
			defaultConfigurationName = Release;
		};
/* End XCConfigurationList section */
	};
	rootObject = EE55628B283E1EA000DB9C1E /* Project object */;
}
